
Microsoft Visual Studio Solution File, Format Version 12.00
# Visual Studio 14
VisualStudioVersion = 14.0.25123.0
MinimumVisualStudioVersion = 10.0.40219.1
Project("{071EC9C3-2771-4ED1-8FA3-790E4FFE620A}") = "Sitecore.Support.318280", "Sitecore.Support.318280\Sitecore.Support.318280.csproj", "{946129BA-73FF-4923-BB72-8D8BB2E3FCBF}"
EndProject
Global
	GlobalSection(SolutionConfigurationPlatforms) = preSolution
		Debug|Any CPU = Debug|Any CPU
		Release|Any CPU = Release|Any CPU
	EndGlobalSection
	GlobalSection(ProjectConfigurationPlatforms) = postSolution
		{946129BA-73FF-4923-BB72-8D8BB2E3FCBF}.Debug|Any CPU.ActiveCfg = Debug|Any CPU
		{946129BA-73FF-4923-BB72-8D8BB2E3FCBF}.Debug|Any CPU.Build.0 = Debug|Any CPU
		{946129BA-73FF-4923-BB72-8D8BB2E3FCBF}.Release|Any CPU.ActiveCfg = Release|Any CPU
		{946129BA-73FF-4923-BB72-8D8BB2E3FCBF}.Release|Any CPU.Build.0 = Release|Any CPU
	EndGlobalSection
	GlobalSection(SolutionProperties) = preSolution
		HideSolutionNode = FALSE
	EndGlobalSection
EndGlobal
